
Microsoft Visual Studio Solution File, Format Version 12.00
# Visual Studio Version 17
VisualStudioVersion = 17.0.31919.166
MinimumVisualStudioVersion = 10.0.40219.1
Project("{FAE04EC0-301F-11D3-BF4B-00C04F79EFBC}") = "Presentor", "Presentor\Presentor.csproj", "{767CC7C3-20F4-4A30-855F-633B0C3A00D7}"
EndProject
Global
	GlobalSection(SolutionConfigurationPlatforms) = preSolution
		Debug|Any CPU = Debug|Any CPU
		Release|Any CPU = Release|Any CPU
	EndGlobalSection
	GlobalSection(ProjectConfigurationPlatforms) = postSolution
		{767CC7C3-20F4-4A30-855F-633B0C3A00D7}.Debug|Any CPU.ActiveCfg = Debug|Any CPU
		{767CC7C3-20F4-4A30-855F-633B0C3A00D7}.Debug|Any CPU.Build.0 = Debug|Any CPU
		{767CC7C3-20F4-4A30-855F-633B0C3A00D7}.Release|Any CPU.ActiveCfg = Release|Any CPU
		{767CC7C3-20F4-4A30-855F-633B0C3A00D7}.Release|Any CPU.Build.0 = Release|Any CPU
	EndGlobalSection
	GlobalSection(SolutionProperties) = preSolution
		HideSolutionNode = FALSE
	EndGlobalSection
	GlobalSection(ExtensibilityGlobals) = postSolution
		SolutionGuid = {0018B961-3D6B-42DA-B245-EE50255E06D9}
	EndGlobalSection
EndGlobal
